
Microsoft Visual Studio Solution File, Format Version 12.00
# Visual Studio Version 17
VisualStudioVersion = 17.0.31903.59
MinimumVisualStudioVersion = 10.0.40219.1
Project("{9A19103F-16F7-4668-BE54-9A1E7A4F7556}") = "BinaryBundle", "BinaryBundle\BinaryBundle.csproj", "{76332DAA-A49D-4FE5-9C3C-92F22D67C596}"
EndProject
Project("{9A19103F-16F7-4668-BE54-9A1E7A4F7556}") = "UnitTests", "UnitTests\UnitTests.csproj", "{4B0038F8-AB5C-4B37-B43A-0D8DBBC99537}"
EndProject
Project("{9A19103F-16F7-4668-BE54-9A1E7A4F7556}") = "BinaryBundle.Generator", "BinaryBundle.Generator\BinaryBundle.Generator.csproj", "{EC8612A0-990D-431D-BB3B-F52B2B03DBEB}"
EndProject
Project("{9A19103F-16F7-4668-BE54-9A1E7A4F7556}") = "UnitTests.CustomClasses", "UnitTests.CustomClasses\UnitTests.CustomClasses.csproj", "{F302EE61-F56F-4BAC-AA4A-2943FC72F4A6}"
EndProject
Project("{2150E333-8FDC-42A3-9474-1A3956D46DE8}") = "Solution Items", "Solution Items", "{35E867BB-6320-4855-A815-C4F607BC88B4}"
	ProjectSection(SolutionItems) = preProject
		BinaryBundle.nuspec = BinaryBundle.nuspec
	EndProjectSection
EndProject
Global
	GlobalSection(SolutionConfigurationPlatforms) = preSolution
		Debug|Any CPU = Debug|Any CPU
		Release|Any CPU = Release|Any CPU
	EndGlobalSection
	GlobalSection(ProjectConfigurationPlatforms) = postSolution
		{76332DAA-A49D-4FE5-9C3C-92F22D67C596}.Debug|Any CPU.ActiveCfg = Debug|Any CPU
		{76332DAA-A49D-4FE5-9C3C-92F22D67C596}.Debug|Any CPU.Build.0 = Debug|Any CPU
		{76332DAA-A49D-4FE5-9C3C-92F22D67C596}.Release|Any CPU.ActiveCfg = Release|Any CPU
		{76332DAA-A49D-4FE5-9C3C-92F22D67C596}.Release|Any CPU.Build.0 = Release|Any CPU
		{4B0038F8-AB5C-4B37-B43A-0D8DBBC99537}.Debug|Any CPU.ActiveCfg = Debug|Any CPU
		{4B0038F8-AB5C-4B37-B43A-0D8DBBC99537}.Debug|Any CPU.Build.0 = Debug|Any CPU
		{4B0038F8-AB5C-4B37-B43A-0D8DBBC99537}.Release|Any CPU.ActiveCfg = Release|Any CPU
		{4B0038F8-AB5C-4B37-B43A-0D8DBBC99537}.Release|Any CPU.Build.0 = Release|Any CPU
		{EC8612A0-990D-431D-BB3B-F52B2B03DBEB}.Debug|Any CPU.ActiveCfg = Debug|Any CPU
		{EC8612A0-990D-431D-BB3B-F52B2B03DBEB}.Debug|Any CPU.Build.0 = Debug|Any CPU
		{EC8612A0-990D-431D-BB3B-F52B2B03DBEB}.Release|Any CPU.ActiveCfg = Release|Any CPU
		{EC8612A0-990D-431D-BB3B-F52B2B03DBEB}.Release|Any CPU.Build.0 = Release|Any CPU
		{F302EE61-F56F-4BAC-AA4A-2943FC72F4A6}.Debug|Any CPU.ActiveCfg = Debug|Any CPU
		{F302EE61-F56F-4BAC-AA4A-2943FC72F4A6}.Debug|Any CPU.Build.0 = Debug|Any CPU
		{F302EE61-F56F-4BAC-AA4A-2943FC72F4A6}.Release|Any CPU.ActiveCfg = Release|Any CPU
		{F302EE61-F56F-4BAC-AA4A-2943FC72F4A6}.Release|Any CPU.Build.0 = Release|Any CPU
	EndGlobalSection
	GlobalSection(SolutionProperties) = preSolution
		HideSolutionNode = FALSE
	EndGlobalSection
	GlobalSection(ExtensibilityGlobals) = postSolution
		SolutionGuid = {1EB8140D-8EE7-47CC-A98D-4760B49E6751}
	EndGlobalSection
EndGlobal
